# This file is automatically @generated by Poetry 1.8.3 and should not be changed by hand.

[[package]]
name = "monitoringparser"
version = "0.1.0"
description = ""
optional = false
python-versions = "^3.12"
files = []
develop = false

[package.source]
type = "git"
url = "https://github.com/ArtemKondratenko/MonitoringParser.git"
reference = "master"
resolved_reference = "b984e2a653620cfab4ec00a71f2c8d052058d4ff"

[metadata]
lock-version = "2.0"
python-versions = "^3.12"
content-hash = "648014d84031558ec1c26452254c4de4aefac767b4b32a3e292ca8d268a06150"
